
Microsoft Visual Studio Solution File, Format Version 12.00
# Visual Studio Version 17
VisualStudioVersion = 17.2.32602.215
MinimumVisualStudioVersion = 10.0.40219.1
Project("{FAE04EC0-301F-11D3-BF4B-00C04F79EFBC}") = "GOL", "GOL.csproj", "{F4E1E28C-94F8-4171-9AB3-F20B49A21F91}"
EndProject
Global
	GlobalSection(SolutionConfigurationPlatforms) = preSolution
		Debug|Any CPU = Debug|Any CPU
		Release|Any CPU = Release|Any CPU
	EndGlobalSection
	GlobalSection(ProjectConfigurationPlatforms) = postSolution
		{F4E1E28C-94F8-4171-9AB3-F20B49A21F91}.Debug|Any CPU.ActiveCfg = Debug|Any CPU
		{F4E1E28C-94F8-4171-9AB3-F20B49A21F91}.Debug|Any CPU.Build.0 = Debug|Any CPU
		{F4E1E28C-94F8-4171-9AB3-F20B49A21F91}.Release|Any CPU.ActiveCfg = Release|Any CPU
		{F4E1E28C-94F8-4171-9AB3-F20B49A21F91}.Release|Any CPU.Build.0 = Release|Any CPU
	EndGlobalSection
	GlobalSection(SolutionProperties) = preSolution
		HideSolutionNode = FALSE
	EndGlobalSection
	GlobalSection(ExtensibilityGlobals) = postSolution
		SolutionGuid = {85216EBB-D4C8-4572-8658-BAE626DA6E32}
	EndGlobalSection
EndGlobal
